
Microsoft Visual Studio Solution File, Format Version 11.00
# Visual Studio 2010
Project("{F184B08F-C81C-45F6-A57F-5ABD9991F28F}") = "CCS-Student-Attendance", "CCS-Student-Attendance\CCS-Student-Attendance.vbproj", "{2DBD412E-EC00-40A3-B2AB-86DA69DA7333}"
EndProject
Global
	GlobalSection(SolutionConfigurationPlatforms) = preSolution
		Debug|x86 = Debug|x86
		Release|x86 = Release|x86
	EndGlobalSection
	GlobalSection(ProjectConfigurationPlatforms) = postSolution
		{2DBD412E-EC00-40A3-B2AB-86DA69DA7333}.Debug|x86.ActiveCfg = Debug|x86
		{2DBD412E-EC00-40A3-B2AB-86DA69DA7333}.Debug|x86.Build.0 = Debug|x86
		{2DBD412E-EC00-40A3-B2AB-86DA69DA7333}.Release|x86.ActiveCfg = Release|x86
		{2DBD412E-EC00-40A3-B2AB-86DA69DA7333}.Release|x86.Build.0 = Release|x86
	EndGlobalSection
	GlobalSection(SolutionProperties) = preSolution
		HideSolutionNode = FALSE
	EndGlobalSection
EndGlobal
